
Microsoft Visual Studio Solution File, Format Version 11.00
# Visual C# Express 2010
Project("{FAE04EC0-301F-11D3-BF4B-00C04F79EFBC}") = "MyFirstInventorPlugin_Lesson4_CSharp", "MyFirstInventorPlugin_Lesson4_CSharp\MyFirstInventorPlugin_Lesson4_CSharp.csproj", "{483A1BEA-9D96-419F-B57D-77B4CE5AF1DC}"
EndProject
Global
	GlobalSection(SolutionConfigurationPlatforms) = preSolution
		Debug|x86 = Debug|x86
		Release|x86 = Release|x86
	EndGlobalSection
	GlobalSection(ProjectConfigurationPlatforms) = postSolution
		{483A1BEA-9D96-419F-B57D-77B4CE5AF1DC}.Debug|x86.ActiveCfg = Debug|x86
		{483A1BEA-9D96-419F-B57D-77B4CE5AF1DC}.Debug|x86.Build.0 = Debug|x86
		{483A1BEA-9D96-419F-B57D-77B4CE5AF1DC}.Release|x86.ActiveCfg = Release|x86
		{483A1BEA-9D96-419F-B57D-77B4CE5AF1DC}.Release|x86.Build.0 = Release|x86
	EndGlobalSection
	GlobalSection(SolutionProperties) = preSolution
		HideSolutionNode = FALSE
	EndGlobalSection
EndGlobal
