
Microsoft Visual Studio Solution File, Format Version 12.00
# Visual Studio 2017
Project("{FAE04EC0-301F-11D3-BF4B-00C04F79EFBC}") = "UniteBoston2015TrainingDay", "UniteBoston2015TrainingDay.csproj", "{C3467E8B-A680-F214-5BE8-EFD600D4B19D}"
EndProject
Project("{FAE04EC0-301F-11D3-BF4B-00C04F79EFBC}") = "UniteBoston2015TrainingDay.Editor", "UniteBoston2015TrainingDay.Editor.csproj", "{359CFF9F-3997-E92C-D5A5-211E3C59FD34}"
EndProject
Global
	GlobalSection(SolutionConfigurationPlatforms) = preSolution
		Debug|Any CPU = Debug|Any CPU
		Release|Any CPU = Release|Any CPU
	EndGlobalSection
	GlobalSection(ProjectConfigurationPlatforms) = postSolution
		{C3467E8B-A680-F214-5BE8-EFD600D4B19D}.Debug|Any CPU.ActiveCfg = Debug|Any CPU
		{C3467E8B-A680-F214-5BE8-EFD600D4B19D}.Debug|Any CPU.Build.0 = Debug|Any CPU
		{C3467E8B-A680-F214-5BE8-EFD600D4B19D}.Release|Any CPU.ActiveCfg = Release|Any CPU
		{C3467E8B-A680-F214-5BE8-EFD600D4B19D}.Release|Any CPU.Build.0 = Release|Any CPU
		{359CFF9F-3997-E92C-D5A5-211E3C59FD34}.Debug|Any CPU.ActiveCfg = Debug|Any CPU
		{359CFF9F-3997-E92C-D5A5-211E3C59FD34}.Debug|Any CPU.Build.0 = Debug|Any CPU
		{359CFF9F-3997-E92C-D5A5-211E3C59FD34}.Release|Any CPU.ActiveCfg = Release|Any CPU
		{359CFF9F-3997-E92C-D5A5-211E3C59FD34}.Release|Any CPU.Build.0 = Release|Any CPU
	EndGlobalSection
	GlobalSection(SolutionProperties) = preSolution
		HideSolutionNode = FALSE
	EndGlobalSection
EndGlobal
